
Microsoft Visual Studio Solution File, Format Version 12.00
# Visual Studio 14
VisualStudioVersion = 14.0.22823.1
MinimumVisualStudioVersion = 10.0.40219.1
Project("{8BC9CEB8-8B4A-11D0-8D11-00A0C91BC942}") = "ofxMachineVision_EDSDK", "ofxMachineVision_EDSDK.vcxproj", "{F8877612-5358-423D-980F-28A6DBDF252E}"
EndProject
Project("{8BC9CEB8-8B4A-11D0-8D11-00A0C91BC942}") = "openframeworksLib", "..\..\..\libs\openFrameworksCompiled\project\vs\openframeworksLib.vcxproj", "{5837595D-ACA9-485C-8E76-729040CE4B0B}"
EndProject
Project("{8BC9CEB8-8B4A-11D0-8D11-00A0C91BC942}") = "ofxPluginLib", "..\..\ofxPlugin\ofxPluginLib\ofxPluginLib.vcxproj", "{68B9239B-5AE6-45C0-B1CB-6FC6B58BB6EE}"
EndProject
Project("{8BC9CEB8-8B4A-11D0-8D11-00A0C91BC942}") = "ofxMachineVisionLib", "..\..\ofxMachineVision\ofxMachineVisionLib\ofxMachineVisionLib.vcxproj", "{CD4455E0-0454-4C3C-BB42-9D15D16A34DD}"
EndProject
Project("{8BC9CEB8-8B4A-11D0-8D11-00A0C91BC942}") = "ofxEdsdkLib", "..\ofxEdsdkLib\ofxEdsdkLib.vcxproj", "{630936F8-C65F-4AB9-92AD-80569EAA7782}"
EndProject
Project("{8BC9CEB8-8B4A-11D0-8D11-00A0C91BC942}") = "example_plugins", "..\..\ofxMachineVision\example_plugins\example_plugins.vcxproj", "{7FD42DF7-442E-479A-BA76-D0022F99702A}"
EndProject
Project("{8BC9CEB8-8B4A-11D0-8D11-00A0C91BC942}") = "ofxCvGuiLib", "..\..\ofxCvGui\ofxCvGuiLib\ofxCvGuiLib.vcxproj", "{6F0DDB4F-4014-4433-919B-9D956C034BAD}"
EndProject
Global
	GlobalSection(SolutionConfigurationPlatforms) = preSolution
		Debug|x64 = Debug|x64
		Debug|x86 = Debug|x86
		Release|x64 = Release|x64
		Release|x86 = Release|x86
	EndGlobalSection
	GlobalSection(ProjectConfigurationPlatforms) = postSolution
		{F8877612-5358-423D-980F-28A6DBDF252E}.Debug|x64.ActiveCfg = Debug|x64
		{F8877612-5358-423D-980F-28A6DBDF252E}.Debug|x64.Build.0 = Debug|x64
		{F8877612-5358-423D-980F-28A6DBDF252E}.Debug|x86.ActiveCfg = Debug|Win32
		{F8877612-5358-423D-980F-28A6DBDF252E}.Debug|x86.Build.0 = Debug|Win32
		{F8877612-5358-423D-980F-28A6DBDF252E}.Release|x64.ActiveCfg = Release|x64
		{F8877612-5358-423D-980F-28A6DBDF252E}.Release|x64.Build.0 = Release|x64
		{F8877612-5358-423D-980F-28A6DBDF252E}.Release|x86.ActiveCfg = Release|Win32
		{F8877612-5358-423D-980F-28A6DBDF252E}.Release|x86.Build.0 = Release|Win32
		{5837595D-ACA9-485C-8E76-729040CE4B0B}.Debug|x64.ActiveCfg = Debug|x64
		{5837595D-ACA9-485C-8E76-729040CE4B0B}.Debug|x64.Build.0 = Debug|x64
		{5837595D-ACA9-485C-8E76-729040CE4B0B}.Debug|x86.ActiveCfg = Debug|Win32
		{5837595D-ACA9-485C-8E76-729040CE4B0B}.Debug|x86.Build.0 = Debug|Win32
		{5837595D-ACA9-485C-8E76-729040CE4B0B}.Release|x64.ActiveCfg = Release|x64
		{5837595D-ACA9-485C-8E76-729040CE4B0B}.Release|x64.Build.0 = Release|x64
		{5837595D-ACA9-485C-8E76-729040CE4B0B}.Release|x86.ActiveCfg = Release|Win32
		{5837595D-ACA9-485C-8E76-729040CE4B0B}.Release|x86.Build.0 = Release|Win32
		{68B9239B-5AE6-45C0-B1CB-6FC6B58BB6EE}.Debug|x64.ActiveCfg = Debug|x64
		{68B9239B-5AE6-45C0-B1CB-6FC6B58BB6EE}.Debug|x64.Build.0 = Debug|x64
		{68B9239B-5AE6-45C0-B1CB-6FC6B58BB6EE}.Debug|x86.ActiveCfg = Debug|Win32
		{68B9239B-5AE6-45C0-B1CB-6FC6B58BB6EE}.Debug|x86.Build.0 = Debug|Win32
		{68B9239B-5AE6-45C0-B1CB-6FC6B58BB6EE}.Release|x64.ActiveCfg = Release|x64
		{68B9239B-5AE6-45C0-B1CB-6FC6B58BB6EE}.Release|x64.Build.0 = Release|x64
		{68B9239B-5AE6-45C0-B1CB-6FC6B58BB6EE}.Release|x86.ActiveCfg = Release|Win32
		{68B9239B-5AE6-45C0-B1CB-6FC6B58BB6EE}.Release|x86.Build.0 = Release|Win32
		{CD4455E0-0454-4C3C-BB42-9D15D16A34DD}.Debug|x64.ActiveCfg = Debug|x64
		{CD4455E0-0454-4C3C-BB42-9D15D16A34DD}.Debug|x64.Build.0 = Debug|x64
		{CD4455E0-0454-4C3C-BB42-9D15D16A34DD}.Debug|x86.ActiveCfg = Debug|Win32
		{CD4455E0-0454-4C3C-BB42-9D15D16A34DD}.Debug|x86.Build.0 = Debug|Win32
		{CD4455E0-0454-4C3C-BB42-9D15D16A34DD}.Release|x64.ActiveCfg = Release|x64
		{CD4455E0-0454-4C3C-BB42-9D15D16A34DD}.Release|x64.Build.0 = Release|x64
		{CD4455E0-0454-4C3C-BB42-9D15D16A34DD}.Release|x86.ActiveCfg = Release|Win32
		{CD4455E0-0454-4C3C-BB42-9D15D16A34DD}.Release|x86.Build.0 = Release|Win32
		{630936F8-C65F-4AB9-92AD-80569EAA7782}.Debug|x64.ActiveCfg = Debug|x64
		{630936F8-C65F-4AB9-92AD-80569EAA7782}.Debug|x64.Build.0 = Debug|x64
		{630936F8-C65F-4AB9-92AD-80569EAA7782}.Debug|x86.ActiveCfg = Debug|Win32
		{630936F8-C65F-4AB9-92AD-80569EAA7782}.Debug|x86.Build.0 = Debug|Win32
		{630936F8-C65F-4AB9-92AD-80569EAA7782}.Release|x64.ActiveCfg = Release|x64
		{630936F8-C65F-4AB9-92AD-80569EAA7782}.Release|x64.Build.0 = Release|x64
		{630936F8-C65F-4AB9-92AD-80569EAA7782}.Release|x86.ActiveCfg = Release|Win32
		{630936F8-C65F-4AB9-92AD-80569EAA7782}.Release|x86.Build.0 = Release|Win32
		{7FD42DF7-442E-479A-BA76-D0022F99702A}.Debug|x64.ActiveCfg = Debug|x64
		{7FD42DF7-442E-479A-BA76-D0022F99702A}.Debug|x64.Build.0 = Debug|x64
		{7FD42DF7-442E-479A-BA76-D0022F99702A}.Debug|x86.ActiveCfg = Debug|Win32
		{7FD42DF7-442E-479A-BA76-D0022F99702A}.Debug|x86.Build.0 = Debug|Win32
		{7FD42DF7-442E-479A-BA76-D0022F99702A}.Release|x64.ActiveCfg = Release|x64
		{7FD42DF7-442E-479A-BA76-D0022F99702A}.Release|x64.Build.0 = Release|x64
		{7FD42DF7-442E-479A-BA76-D0022F99702A}.Release|x86.ActiveCfg = Release|Win32
		{7FD42DF7-442E-479A-BA76-D0022F99702A}.Release|x86.Build.0 = Release|Win32
		{6F0DDB4F-4014-4433-919B-9D956C034BAD}.Debug|x64.ActiveCfg = Debug|x64
		{6F0DDB4F-4014-4433-919B-9D956C034BAD}.Debug|x64.Build.0 = Debug|x64
		{6F0DDB4F-4014-4433-919B-9D956C034BAD}.Debug|x86.ActiveCfg = Debug|Win32
		{6F0DDB4F-4014-4433-919B-9D956C034BAD}.Debug|x86.Build.0 = Debug|Win32
		{6F0DDB4F-4014-4433-919B-9D956C034BAD}.Release|x64.ActiveCfg = Release|x64
		{6F0DDB4F-4014-4433-919B-9D956C034BAD}.Release|x64.Build.0 = Release|x64
		{6F0DDB4F-4014-4433-919B-9D956C034BAD}.Release|x86.ActiveCfg = Release|Win32
		{6F0DDB4F-4014-4433-919B-9D956C034BAD}.Release|x86.Build.0 = Release|Win32
	EndGlobalSection
	GlobalSection(SolutionProperties) = preSolution
		HideSolutionNode = FALSE
	EndGlobalSection
EndGlobal
